{
  "name": "@openclaw/tokenjuice",
  "version": "2026.7.1",
  "lockfileVersion": 3,
  "requires": true,
  "packages": {
    "": {
      "name": "@openclaw/tokenjuice",
      "version": "2026.7.1",
      "dependencies": {
        "tokenjuice": "https://github.com/becksclair/openclaw-tokenjuice.git#4872cd59480159313ef164d6828a46abfd73db7d"
      },
      "peerDependencies": {
        "openclaw": ">=2026.7.1"
      },
      "peerDependenciesMeta": {
        "openclaw": {
          "optional": true
        }
      }
    },
    "node_modules/tokenjuice": {
      "version": "0.8.1",
      "resolved": "git+ssh://git@github.com/becksclair/openclaw-tokenjuice.git#4872cd59480159313ef164d6828a46abfd73db7d",
      "integrity": "sha512-CAbMKCQz12gvK/MfJ9zw693Ha304cnF00E36hvcXCv6uyGrqOCTf5J1s7Z7QE4+AchtcxxLF3CA8IDwTUgH8Xw==",
      "license": "MIT",
      "bin": {
        "tokenjuice": "dist/cli/main.js"
      },
      "engines": {
        "node": ">=20"
      },
      "funding": {
        "type": "github",
        "url": "https://github.com/sponsors/vincentkoc"
      }
    }
  }
}
